{
  "name": "@qalqul/sipml",
  "version": "1.0.2",
  "lockfileVersion": 3,
  "requires": true,
  "packages": {
    "": {
      "name": "@qalqul/sipml",
      "version": "1.0.2",
      "license": "MIT",
      "dependencies": {
        "@qalqul/sipml": "file:",
        "@types/sipml": "^0.0.27"
      }
    },
    "node_modules/@qalqul/sipml": {
      "resolved": "",
      "link": true
    },
    "node_modules/@types/sipml": {
      "version": "0.0.27",
      "resolved": "https://registry.npmjs.org/@types/sipml/-/sipml-0.0.27.tgz",
      "integrity": "sha512-FcDMSyn2nuAa5tXC4UA6nBEP2T81mM97v4mfAaFn/8SVh+XjmWo+f1Z+IUiWGB4LZfvfxILFZWrnPSf80PL76Q==",
      "license": "MIT"
    }
  }
}
